
Microsoft Visual Studio Solution File, Format Version 12.00
# Visual Studio Version 17
VisualStudioVersion = 17.8.34408.163
MinimumVisualStudioVersion = 10.0.40219.1
Project("{FAE04EC0-301F-11D3-BF4B-00C04F79EFBC}") = "BMSMVC", "BMSMVC\BMSMVC.csproj", "{446DC538-4414-4380-95A0-4E1EC712AF5B}"
EndProject
Global
	GlobalSection(SolutionConfigurationPlatforms) = preSolution
		Debug|Any CPU = Debug|Any CPU
		Release|Any CPU = Release|Any CPU
	EndGlobalSection
	GlobalSection(ProjectConfigurationPlatforms) = postSolution
		{446DC538-4414-4380-95A0-4E1EC712AF5B}.Debug|Any CPU.ActiveCfg = Debug|Any CPU
		{446DC538-4414-4380-95A0-4E1EC712AF5B}.Debug|Any CPU.Build.0 = Debug|Any CPU
		{446DC538-4414-4380-95A0-4E1EC712AF5B}.Release|Any CPU.ActiveCfg = Release|Any CPU
		{446DC538-4414-4380-95A0-4E1EC712AF5B}.Release|Any CPU.Build.0 = Release|Any CPU
	EndGlobalSection
	GlobalSection(SolutionProperties) = preSolution
		HideSolutionNode = FALSE
	EndGlobalSection
	GlobalSection(ExtensibilityGlobals) = postSolution
		SolutionGuid = {B4108202-5C6E-46AD-A186-CDD224517F81}
	EndGlobalSection
EndGlobal
